// !$*UTF8*$!
{
	archiveVersion = 1;
	classes = {
	};
	objectVersion = 50;
	objects = {

/* Begin PBXBuildFile section */
		F438F27F248955F3004CFE97 /* AppDelegate.swift in Sources */ = {isa = PBXBuildFile; fileRef = F438F27E248955F3004CFE97 /* AppDelegate.swift */; };
		F438F281248955F3004CFE97 /* SceneDelegate.swift in Sources */ = {isa = PBXBuildFile; fileRef = F438F280248955F3004CFE97 /* SceneDelegate.swift */; };
		F438F286248955F3004CFE97 /* Main.storyboard in Resources */ = {isa = PBXBuildFile; fileRef = F438F284248955F3004CFE97 /* Main.storyboard */; };
		F438F288248955F4004CFE97 /* Assets.xcassets in Resources */ = {isa = PBXBuildFile; fileRef = F438F287248955F4004CFE97 /* Assets.xcassets */; };
		F438F28B248955F4004CFE97 /* LaunchScreen.storyboard in Resources */ = {isa = PBXBuildFile; fileRef = F438F289248955F4004CFE97 /* LaunchScreen.storyboard */; };
		F438F296248955F4004CFE97 /* EmojiDictionaryTests.swift in Sources */ = {isa = PBXBuildFile; fileRef = F438F295248955F4004CFE97 /* EmojiDictionaryTests.swift */; };
		F438F2A1248955F4004CFE97 /* EmojiDictionaryUITests.swift in Sources */ = {isa = PBXBuildFile; fileRef = F438F2A0248955F4004CFE97 /* EmojiDictionaryUITests.swift */; };
		F438F2AF2489563A004CFE97 /* Emoji.swift in Sources */ = {isa = PBXBuildFile; fileRef = F438F2AE2489563A004CFE97 /* Emoji.swift */; };
		F438F2B12489574A004CFE97 /* EmojiTableViewController.swift in Sources */ = {isa = PBXBuildFile; fileRef = F438F2B02489574A004CFE97 /* EmojiTableViewController.swift */; };
		F438F2B5248A9E82004CFE97 /* EmojiTableViewCell.swift in Sources */ = {isa = PBXBuildFile; fileRef = F438F2B4248A9E82004CFE97 /* EmojiTableViewCell.swift */; };
		F438F2B7248ACEC2004CFE97 /* AddEditEmojiTableViewController.swift in Sources */ = {isa = PBXBuildFile; fileRef = F438F2B6248ACEC2004CFE97 /* AddEditEmojiTableViewController.swift */; };
/* End PBXBuildFile section */

/* Begin PBXContainerItemProxy section */
		F438F292248955F4004CFE97 /* PBXContainerItemProxy */ = {
			isa = PBXContainerItemProxy;
			containerPortal = F438F273248955F3004CFE97 /* Project object */;
			proxyType = 1;
			remoteGlobalIDString = F438F27A248955F3004CFE97;
			remoteInfo = EmojiDictionary;
		};
		F438F29D248955F4004CFE97 /* PBXContainerItemProxy */ = {
			isa = PBXContainerItemProxy;
			containerPortal = F438F273248955F3004CFE97 /* Project object */;
			proxyType = 1;
			remoteGlobalIDString = F438F27A248955F3004CFE97;
			remoteInfo = EmojiDictionary;
		};
/* End PBXContainerItemProxy section */

/* Begin PBXFileReference section */
		F438F27B248955F3004CFE97 /* EmojiDictionary.app */ = {isa = PBXFileReference; explicitFileType = wrapper.application; includeInIndex = 0; path = EmojiDictionary.app; sourceTree = BUILT_PRODUCTS_DIR; };
		F438F27E248955F3004CFE97 /* AppDelegate.swift */ = {isa = PBXFileReference; lastKnownFileType = sourcecode.swift; path = AppDelegate.swift; sourceTree = "<group>"; };
		F438F280248955F3004CFE97 /* SceneDelegate.swift */ = {isa = PBXFileReference; lastKnownFileType = sourcecode.swift; path = SceneDelegate.swift; sourceTree = "<group>"; };
		F438F285248955F3004CFE97 /* Base */ = {isa = PBXFileReference; lastKnownFileType = file.storyboard; name = Base; path = Base.lproj/Main.storyboard; sourceTree = "<group>"; };
		F438F287248955F4004CFE97 /* Assets.xcassets */ = {isa = PBXFileReference; lastKnownFileType = folder.assetcatalog; path = Assets.xcassets; sourceTree = "<group>"; };
		F438F28A248955F4004CFE97 /* Base */ = {isa = PBXFileReference; lastKnownFileType = file.storyboard; name = Base; path = Base.lproj/LaunchScreen.storyboard; sourceTree = "<group>"; };
		F438F28C248955F4004CFE97 /* Info.plist */ = {isa = PBXFileReference; lastKnownFileType = text.plist.xml; path = Info.plist; sourceTree = "<group>"; };
		F438F291248955F4004CFE97 /* EmojiDictionaryTests.xctest */ = {isa = PBXFileReference; explicitFileType = wrapper.cfbundle; includeInIndex = 0; path = EmojiDictionaryTests.xctest; sourceTree = BUILT_PRODUCTS_DIR; };
		F438F295248955F4004CFE97 /* EmojiDictionaryTests.swift */ = {isa = PBXFileReference; lastKnownFileType = sourcecode.swift; path = EmojiDictionaryTests.swift; sourceTree = "<group>"; };
		F438F297248955F4004CFE97 /* Info.plist */ = {isa = PBXFileReference; lastKnownFileType = text.plist.xml; path = Info.plist; sourceTree = "<group>"; };
		F438F29C248955F4004CFE97 /* EmojiDictionaryUITests.xctest */ = {isa = PBXFileReference; explicitFileType = wrapper.cfbundle; includeInIndex = 0; path = EmojiDictionaryUITests.xctest; sourceTree = BUILT_PRODUCTS_DIR; };
		F438F2A0248955F4004CFE97 /* EmojiDictionaryUITests.swift */ = {isa = PBXFileReference; lastKnownFileType = sourcecode.swift; path = EmojiDictionaryUITests.swift; sourceTree = "<group>"; };
		F438F2A2248955F4004CFE97 /* Info.plist */ = {isa = PBXFileReference; lastKnownFileType = text.plist.xml; path = Info.plist; sourceTree = "<group>"; };
		F438F2AE2489563A004CFE97 /* Emoji.swift */ = {isa = PBXFileReference; lastKnownFileType = sourcecode.swift; path = Emoji.swift; sourceTree = "<group>"; };
		F438F2B02489574A004CFE97 /* EmojiTableViewController.swift */ = {isa = PBXFileReference; lastKnownFileType = sourcecode.swift; path = EmojiTableViewController.swift; sourceTree = "<group>"; };
		F438F2B4248A9E82004CFE97 /* EmojiTableViewCell.swift */ = {isa = PBXFileReference; lastKnownFileType = sourcecode.swift; path = EmojiTableViewCell.swift; sourceTree = "<group>"; };
		F438F2B6248ACEC2004CFE97 /* AddEditEmojiTableViewController.swift */ = {isa = PBXFileReference; lastKnownFileType = sourcecode.swift; path = AddEditEmojiTableViewController.swift; sourceTree = "<group>"; };
/* End PBXFileReference section */

/* Begin PBXFrameworksBuildPhase section */
		F438F278248955F3004CFE97 /* Frameworks */ = {
			isa = PBXFrameworksBuildPhase;
			buildActionMask = 2147483647;
			files = (
			);
			runOnlyForDeploymentPostprocessing = 0;
		};
		F438F28E248955F4004CFE97 /* Frameworks */ = {
			isa = PBXFrameworksBuildPhase;
			buildActionMask = 2147483647;
			files = (
			);
			runOnlyForDeploymentPostprocessing = 0;
		};
		F438F299248955F4004CFE97 /* Frameworks */ = {
			isa = PBXFrameworksBuildPhase;
			buildActionMask = 2147483647;
			files = (
			);
			runOnlyForDeploymentPostprocessing = 0;
		};
/* End PBXFrameworksBuildPhase section */

/* Begin PBXGroup section */
		F438F272248955F3004CFE97 = {
			isa = PBXGroup;
			children = (
				F438F27D248955F3004CFE97 /* EmojiDictionary */,
				F438F294248955F4004CFE97 /* EmojiDictionaryTests */,
				F438F29F248955F4004CFE97 /* EmojiDictionaryUITests */,
				F438F27C248955F3004CFE97 /* Products */,
			);
			sourceTree = "<group>";
		};
		F438F27C248955F3004CFE97 /* Products */ = {
			isa = PBXGroup;
			children = (
				F438F27B248955F3004CFE97 /* EmojiDictionary.app */,
				F438F291248955F4004CFE97 /* EmojiDictionaryTests.xctest */,
				F438F29C248955F4004CFE97 /* EmojiDictionaryUITests.xctest */,
			);
			name = Products;
			sourceTree = "<group>";
		};
		F438F27D248955F3004CFE97 /* EmojiDictionary */ = {
			isa = PBXGroup;
			children = (
				F438F27E248955F3004CFE97 /* AppDelegate.swift */,
				F438F2AE2489563A004CFE97 /* Emoji.swift */,
				F438F2B02489574A004CFE97 /* EmojiTableViewController.swift */,
				F438F280248955F3004CFE97 /* SceneDelegate.swift */,
				F438F284248955F3004CFE97 /* Main.storyboard */,
				F438F287248955F4004CFE97 /* Assets.xcassets */,
				F438F2B6248ACEC2004CFE97 /* AddEditEmojiTableViewController.swift */,
				F438F2B4248A9E82004CFE97 /* EmojiTableViewCell.swift */,
				F438F289248955F4004CFE97 /* LaunchScreen.storyboard */,
				F438F28C248955F4004CFE97 /* Info.plist */,
			);
			path = EmojiDictionary;
			sourceTree = "<group>";
		};
		F438F294248955F4004CFE97 /* EmojiDictionaryTests */ = {
			isa = PBXGroup;
			children = (
				F438F295248955F4004CFE97 /* EmojiDictionaryTests.swift */,
				F438F297248955F4004CFE97 /* Info.plist */,
			);
			path = EmojiDictionaryTests;
			sourceTree = "<group>";
		};
		F438F29F248955F4004CFE97 /* EmojiDictionaryUITests */ = {
			isa = PBXGroup;
			children = (
				F438F2A0248955F4004CFE97 /* EmojiDictionaryUITests.swift */,
				F438F2A2248955F4004CFE97 /* Info.plist */,
			);
			path = EmojiDictionaryUITests;
			sourceTree = "<group>";
		};
/* End PBXGroup section */

/* Begin PBXNativeTarget section */
		F438F27A248955F3004CFE97 /* EmojiDictionary */ = {
			isa = PBXNativeTarget;
			buildConfigurationList = F438F2A5248955F4004CFE97 /* Build configuration list for PBXNativeTarget "EmojiDictionary" */;
			buildPhases = (
				F438F277248955F3004CFE97 /* Sources */,
				F438F278248955F3004CFE97 /* Frameworks */,
				F438F279248955F3004CFE97 /* Resources */,
			);
			buildRules = (
			);
			dependencies = (
			);
			name = EmojiDictionary;
			productName = EmojiDictionary;
			productReference = F438F27B248955F3004CFE97 /* EmojiDictionary.app */;
			productType = "com.apple.product-type.application";
		};
		F438F290248955F4004CFE97 /* EmojiDictionaryTests */ = {
			isa = PBXNativeTarget;
			buildConfigurationList = F438F2A8248955F4004CFE97 /* Build configuration list for PBXNativeTarget "EmojiDictionaryTests" */;
			buildPhases = (
				F438F28D248955F4004CFE97 /* Sources */,
				F438F28E248955F4004CFE97 /* Frameworks */,
				F438F28F248955F4004CFE97 /* Resources */,
			);
			buildRules = (
			);
			dependencies = (
				F438F293248955F4004CFE97 /* PBXTargetDependency */,
			);
			name = EmojiDictionaryTests;
			productName = EmojiDictionaryTests;
			productReference = F438F291248955F4004CFE97 /* EmojiDictionaryTests.xctest */;
			productType = "com.apple.product-type.bundle.unit-test";
		};
		F438F29B248955F4004CFE97 /* EmojiDictionaryUITests */ = {
			isa = PBXNativeTarget;
			buildConfigurationList = F438F2AB248955F4004CFE97 /* Build configuration list for PBXNativeTarget "EmojiDictionaryUITests" */;
			buildPhases = (
				F438F298248955F4004CFE97 /* Sources */,
				F438F299248955F4004CFE97 /* Frameworks */,
				F438F29A248955F4004CFE97 /* Resources */,
			);
			buildRules = (
			);
			dependencies = (
				F438F29E248955F4004CFE97 /* PBXTargetDependency */,
			);
			name = EmojiDictionaryUITests;
			productName = EmojiDictionaryUITests;
			productReference = F438F29C248955F4004CFE97 /* EmojiDictionaryUITests.xctest */;
			productType = "com.apple.product-type.bundle.ui-testing";
		};
/* End PBXNativeTarget section */

/* Begin PBXProject section */
		F438F273248955F3004CFE97 /* Project object */ = {
			isa = PBXProject;
			attributes = {
				LastSwiftUpdateCheck = 1150;
				LastUpgradeCheck = 1150;
				ORGANIZATIONNAME = "Vidisha Nevatia";
				TargetAttributes = {
					F438F27A248955F3004CFE97 = {
						CreatedOnToolsVersion = 11.5;
					};
					F438F290248955F4004CFE97 = {
						CreatedOnToolsVersion = 11.5;
						TestTargetID = F438F27A248955F3004CFE97;
					};
					F438F29B248955F4004CFE97 = {
						CreatedOnToolsVersion = 11.5;
						TestTargetID = F438F27A248955F3004CFE97;
					};
				};
			};
			buildConfigurationList = F438F276248955F3004CFE97 /* Build configuration list for PBXProject "EmojiDictionary" */;
			compatibilityVersion = "Xcode 9.3";
			developmentRegion = en;
			hasScannedForEncodings = 0;
			knownRegions = (
				en,
				Base,
			);
			mainGroup = F438F272248955F3004CFE97;
			productRefGroup = F438F27C248955F3004CFE97 /* Products */;
			projectDirPath = "";
			projectRoot = "";
			targets = (
				F438F27A248955F3004CFE97 /* EmojiDictionary */,
				F438F290248955F4004CFE97 /* EmojiDictionaryTests */,
				F438F29B248955F4004CFE97 /* EmojiDictionaryUITests */,
			);
		};
/* End PBXProject section */

/* Begin PBXResourcesBuildPhase section */
		F438F279248955F3004CFE97 /* Resources */ = {
			isa = PBXResourcesBuildPhase;
			buildActionMask = 2147483647;
			files = (
				F438F28B248955F4004CFE97 /* LaunchScreen.storyboard in Resources */,
				F438F288248955F4004CFE97 /* Assets.xcassets in Resources */,
				F438F286248955F3004CFE97 /* Main.storyboard in Resources */,
			);
			runOnlyForDeploymentPostprocessing = 0;
		};
		F438F28F248955F4004CFE97 /* Resources */ = {
			isa = PBXResourcesBuildPhase;
			buildActionMask = 2147483647;
			files = (
			);
			runOnlyForDeploymentPostprocessing = 0;
		};
		F438F29A248955F4004CFE97 /* Resources */ = {
			isa = PBXResourcesBuildPhase;
			buildActionMask = 2147483647;
			files = (
			);
			runOnlyForDeploymentPostprocessing = 0;
		};
/* End PBXResourcesBuildPhase section */

/* Begin PBXSourcesBuildPhase section */
		F438F277248955F3004CFE97 /* Sources */ = {
			isa = PBXSourcesBuildPhase;
			buildActionMask = 2147483647;
			files = (
				F438F2B7248ACEC2004CFE97 /* AddEditEmojiTableViewController.swift in Sources */,
				F438F2B12489574A004CFE97 /* EmojiTableViewController.swift in Sources */,
				F438F2AF2489563A004CFE97 /* Emoji.swift in Sources */,
				F438F2B5248A9E82004CFE97 /* EmojiTableViewCell.swift in Sources */,
				F438F27F248955F3004CFE97 /* AppDelegate.swift in Sources */,
				F438F281248955F3004CFE97 /* SceneDelegate.swift in Sources */,
			);
			runOnlyForDeploymentPostprocessing = 0;
		};
		F438F28D248955F4004CFE97 /* Sources */ = {
			isa = PBXSourcesBuildPhase;
			buildActionMask = 2147483647;
			files = (
				F438F296248955F4004CFE97 /* EmojiDictionaryTests.swift in Sources */,
			);
			runOnlyForDeploymentPostprocessing = 0;
		};
		F438F298248955F4004CFE97 /* Sources */ = {
			isa = PBXSourcesBuildPhase;
			buildActionMask = 2147483647;
			files = (
				F438F2A1248955F4004CFE97 /* EmojiDictionaryUITests.swift in Sources */,
			);
			runOnlyForDeploymentPostprocessing = 0;
		};
/* End PBXSourcesBuildPhase section */

/* Begin PBXTargetDependency section */
		F438F293248955F4004CFE97 /* PBXTargetDependency */ = {
			isa = PBXTargetDependency;
			target = F438F27A248955F3004CFE97 /* EmojiDictionary */;
			targetProxy = F438F292248955F4004CFE97 /* PBXContainerItemProxy */;
		};
		F438F29E248955F4004CFE97 /* PBXTargetDependency */ = {
			isa = PBXTargetDependency;
			target = F438F27A248955F3004CFE97 /* EmojiDictionary */;
			targetProxy = F438F29D248955F4004CFE97 /* PBXContainerItemProxy */;
		};
/* End PBXTargetDependency section */

/* Begin PBXVariantGroup section */
		F438F284248955F3004CFE97 /* Main.storyboard */ = {
			isa = PBXVariantGroup;
			children = (
				F438F285248955F3004CFE97 /* Base */,
			);
			name = Main.storyboard;
			sourceTree = "<group>";
		};
		F438F289248955F4004CFE97 /* LaunchScreen.storyboard */ = {
			isa = PBXVariantGroup;
			children = (
				F438F28A248955F4004CFE97 /* Base */,
			);
			name = LaunchScreen.storyboard;
			sourceTree = "<group>";
		};
/* End PBXVariantGroup section */

/* Begin XCBuildConfiguration section */
		F438F2A3248955F4004CFE97 /* Debug */ = {
			isa = XCBuildConfiguration;
			buildSettings = {
				ALWAYS_SEARCH_USER_PATHS = NO;
				CLANG_ANALYZER_NONNULL = YES;
				CLANG_ANALYZER_NUMBER_OBJECT_CONVERSION = YES_AGGRESSIVE;
				CLANG_CXX_LANGUAGE_STANDARD = "gnu++14";
				CLANG_CXX_LIBRARY = "libc++";
				CLANG_ENABLE_MODULES = YES;
				CLANG_ENABLE_OBJC_ARC = YES;
				CLANG_ENABLE_OBJC_WEAK = YES;
				CLANG_WARN_BLOCK_CAPTURE_AUTORELEASING = YES;
				CLANG_WARN_BOOL_CONVERSION = YES;
				CLANG_WARN_COMMA = YES;
				CLANG_WARN_CONSTANT_CONVERSION = YES;
				CLANG_WARN_DEPRECATED_OBJC_IMPLEMENTATIONS = YES;
				CLANG_WARN_DIRECT_OBJC_ISA_USAGE = YES_ERROR;
				CLANG_WARN_DOCUMENTATION_COMMENTS = YES;
				CLANG_WARN_EMPTY_BODY = YES;
				CLANG_WARN_ENUM_CONVERSION = YES;
				CLANG_WARN_INFINITE_RECURSION = YES;
				CLANG_WARN_INT_CONVERSION = YES;
				CLANG_WARN_NON_LITERAL_NULL_CONVERSION = YES;
				CLANG_WARN_OBJC_IMPLICIT_RETAIN_SELF = YES;
				CLANG_WARN_OBJC_LITERAL_CONVERSION = YES;
				CLANG_WARN_OBJC_ROOT_CLASS = YES_ERROR;
				CLANG_WARN_RANGE_LOOP_ANALYSIS = YES;
				CLANG_WARN_STRICT_PROTOTYPES = YES;
				CLANG_WARN_SUSPICIOUS_MOVE = YES;
				CLANG_WARN_UNGUARDED_AVAILABILITY = YES_AGGRESSIVE;
				CLANG_WARN_UNREACHABLE_CODE = YES;
				CLANG_WARN__DUPLICATE_METHOD_MATCH = YES;
				COPY_PHASE_STRIP = NO;
				DEBUG_INFORMATION_FORMAT = dwarf;
				ENABLE_STRICT_OBJC_MSGSEND = YES;
				ENABLE_TESTABILITY = YES;
				GCC_C_LANGUAGE_STANDARD = gnu11;
				GCC_DYNAMIC_NO_PIC = NO;
				GCC_NO_COMMON_BLOCKS = YES;
				GCC_OPTIMIZATION_LEVEL = 0;
				GCC_PREPROCESSOR_DEFINITIONS = (
					"DEBUG=1",
					"$(inherited)",
				);
				GCC_WARN_64_TO_32_BIT_CONVERSION = YES;
				GCC_WARN_ABOUT_RETURN_TYPE = YES_ERROR;
				GCC_WARN_UNDECLARED_SELECTOR = YES;
				GCC_WARN_UNINITIALIZED_AUTOS = YES_AGGRESSIVE;
				GCC_WARN_UNUSED_FUNCTION = YES;
				GCC_WARN_UNUSED_VARIABLE = YES;
				IPHONEOS_DEPLOYMENT_TARGET = 13.5;
				MTL_ENABLE_DEBUG_INFO = INCLUDE_SOURCE;
				MTL_FAST_MATH = YES;
				ONLY_ACTIVE_ARCH = YES;
				SDKROOT = iphoneos;
				SWIFT_ACTIVE_COMPILATION_CONDITIONS = DEBUG;
				SWIFT_OPTIMIZATION_LEVEL = "-Onone";
			};
			name = Debug;
		};
		F438F2A4248955F4004CFE97 /* Release */ = {
			isa = XCBuildConfiguration;
			buildSettings = {
				ALWAYS_SEARCH_USER_PATHS = NO;
				CLANG_ANALYZER_NONNULL = YES;
				CLANG_ANALYZER_NUMBER_OBJECT_CONVERSION = YES_AGGRESSIVE;
				CLANG_CXX_LANGUAGE_STANDARD = "gnu++14";
				CLANG_CXX_LIBRARY = "libc++";
				CLANG_ENABLE_MODULES = YES;
				CLANG_ENABLE_OBJC_ARC = YES;
				CLANG_ENABLE_OBJC_WEAK = YES;
				CLANG_WARN_BLOCK_CAPTURE_AUTORELEASING = YES;
				CLANG_WARN_BOOL_CONVERSION = YES;
				CLANG_WARN_COMMA = YES;
				CLANG_WARN_CONSTANT_CONVERSION = YES;
				CLANG_WARN_DEPRECATED_OBJC_IMPLEMENTATIONS = YES;
				CLANG_WARN_DIRECT_OBJC_ISA_USAGE = YES_ERROR;
				CLANG_WARN_DOCUMENTATION_COMMENTS = YES;
				CLANG_WARN_EMPTY_BODY = YES;
				CLANG_WARN_ENUM_CONVERSION = YES;
				CLANG_WARN_INFINITE_RECURSION = YES;
				CLANG_WARN_INT_CONVERSION = YES;
				CLANG_WARN_NON_LITERAL_NULL_CONVERSION = YES;
				CLANG_WARN_OBJC_IMPLICIT_RETAIN_SELF = YES;
				CLANG_WARN_OBJC_LITERAL_CONVERSION = YES;
				CLANG_WARN_OBJC_ROOT_CLASS = YES_ERROR;
				CLANG_WARN_RANGE_LOOP_ANALYSIS = YES;
				CLANG_WARN_STRICT_PROTOTYPES = YES;
				CLANG_WARN_SUSPICIOUS_MOVE = YES;
				CLANG_WARN_UNGUARDED_AVAILABILITY = YES_AGGRESSIVE;
				CLANG_WARN_UNREACHABLE_CODE = YES;
				CLANG_WARN__DUPLICATE_METHOD_MATCH = YES;
				COPY_PHASE_STRIP = NO;
				DEBUG_INFORMATION_FORMAT = "dwarf-with-dsym";
				ENABLE_NS_ASSERTIONS = NO;
				ENABLE_STRICT_OBJC_MSGSEND = YES;
				GCC_C_LANGUAGE_STANDARD = gnu11;
				GCC_NO_COMMON_BLOCKS = YES;
				GCC_WARN_64_TO_32_BIT_CONVERSION = YES;
				GCC_WARN_ABOUT_RETURN_TYPE = YES_ERROR;
				GCC_WARN_UNDECLARED_SELECTOR = YES;
				GCC_WARN_UNINITIALIZED_AUTOS = YES_AGGRESSIVE;
				GCC_WARN_UNUSED_FUNCTION = YES;
				GCC_WARN_UNUSED_VARIABLE = YES;
				IPHONEOS_DEPLOYMENT_TARGET = 13.5;
				MTL_ENABLE_DEBUG_INFO = NO;
				MTL_FAST_MATH = YES;
				SDKROOT = iphoneos;
				SWIFT_COMPILATION_MODE = wholemodule;
				SWIFT_OPTIMIZATION_LEVEL = "-O";
				VALIDATE_PRODUCT = YES;
			};
			name = Release;
		};
		F438F2A6248955F4004CFE97 /* Debug */ = {
			isa = XCBuildConfiguration;
			buildSettings = {
				ASSETCATALOG_COMPILER_APPICON_NAME = AppIcon;
				CODE_SIGN_STYLE = Automatic;
				DEVELOPMENT_TEAM = 829RQCZ275;
				INFOPLIST_FILE = EmojiDictionary/Info.plist;
				LD_RUNPATH_SEARCH_PATHS = (
					"$(inherited)",
					"@executable_path/Frameworks",
				);
				PRODUCT_BUNDLE_IDENTIFIER = com.vidishanevatia.EmojiDictionary;
				PRODUCT_NAME = "$(TARGET_NAME)";
				SWIFT_VERSION = 5.0;
				TARGETED_DEVICE_FAMILY = "1,2";
			};
			name = Debug;
		};
		F438F2A7248955F4004CFE97 /* Release */ = {
			isa = XCBuildConfiguration;
			buildSettings = {
				ASSETCATALOG_COMPILER_APPICON_NAME = AppIcon;
				CODE_SIGN_STYLE = Automatic;
				DEVELOPMENT_TEAM = 829RQCZ275;
				INFOPLIST_FILE = EmojiDictionary/Info.plist;
				LD_RUNPATH_SEARCH_PATHS = (
					"$(inherited)",
					"@executable_path/Frameworks",
				);
				PRODUCT_BUNDLE_IDENTIFIER = com.vidishanevatia.EmojiDictionary;
				PRODUCT_NAME = "$(TARGET_NAME)";
				SWIFT_VERSION = 5.0;
				TARGETED_DEVICE_FAMILY = "1,2";
			};
			name = Release;
		};
		F438F2A9248955F4004CFE97 /* Debug */ = {
			isa = XCBuildConfiguration;
			buildSettings = {
				ALWAYS_EMBED_SWIFT_STANDARD_LIBRARIES = YES;
				BUNDLE_LOADER = "$(TEST_HOST)";
				CODE_SIGN_STYLE = Automatic;
				DEVELOPMENT_TEAM = 829RQCZ275;
				INFOPLIST_FILE = EmojiDictionaryTests/Info.plist;
				IPHONEOS_DEPLOYMENT_TARGET = 13.5;
				LD_RUNPATH_SEARCH_PATHS = (
					"$(inherited)",
					"@executable_path/Frameworks",
					"@loader_path/Frameworks",
				);
				PRODUCT_BUNDLE_IDENTIFIER = com.vidishanevatia.EmojiDictionaryTests;
				PRODUCT_NAME = "$(TARGET_NAME)";
				SWIFT_VERSION = 5.0;
				TARGETED_DEVICE_FAMILY = "1,2";
				TEST_HOST = "$(BUILT_PRODUCTS_DIR)/EmojiDictionary.app/EmojiDictionary";
			};
			name = Debug;
		};
		F438F2AA248955F4004CFE97 /* Release */ = {
			isa = XCBuildConfiguration;
			buildSettings = {
				ALWAYS_EMBED_SWIFT_STANDARD_LIBRARIES = YES;
				BUNDLE_LOADER = "$(TEST_HOST)";
				CODE_SIGN_STYLE = Automatic;
				DEVELOPMENT_TEAM = 829RQCZ275;
				INFOPLIST_FILE = EmojiDictionaryTests/Info.plist;
				IPHONEOS_DEPLOYMENT_TARGET = 13.5;
				LD_RUNPATH_SEARCH_PATHS = (
					"$(inherited)",
					"@executable_path/Frameworks",
					"@loader_path/Frameworks",
				);
				PRODUCT_BUNDLE_IDENTIFIER = com.vidishanevatia.EmojiDictionaryTests;
				PRODUCT_NAME = "$(TARGET_NAME)";
				SWIFT_VERSION = 5.0;
				TARGETED_DEVICE_FAMILY = "1,2";
				TEST_HOST = "$(BUILT_PRODUCTS_DIR)/EmojiDictionary.app/EmojiDictionary";
			};
			name = Release;
		};
		F438F2AC248955F4004CFE97 /* Debug */ = {
			isa = XCBuildConfiguration;
			buildSettings = {
				ALWAYS_EMBED_SWIFT_STANDARD_LIBRARIES = YES;
				CODE_SIGN_STYLE = Automatic;
				DEVELOPMENT_TEAM = 829RQCZ275;
				INFOPLIST_FILE = EmojiDictionaryUITests/Info.plist;
				LD_RUNPATH_SEARCH_PATHS = (
					"$(inherited)",
					"@executable_path/Frameworks",
					"@loader_path/Frameworks",
				);
				PRODUCT_BUNDLE_IDENTIFIER = com.vidishanevatia.EmojiDictionaryUITests;
				PRODUCT_NAME = "$(TARGET_NAME)";
				SWIFT_VERSION = 5.0;
				TARGETED_DEVICE_FAMILY = "1,2";
				TEST_TARGET_NAME = EmojiDictionary;
			};
			name = Debug;
		};
		F438F2AD248955F4004CFE97 /* Release */ = {
			isa = XCBuildConfiguration;
			buildSettings = {
				ALWAYS_EMBED_SWIFT_STANDARD_LIBRARIES = YES;
				CODE_SIGN_STYLE = Automatic;
				DEVELOPMENT_TEAM = 829RQCZ275;
				INFOPLIST_FILE = EmojiDictionaryUITests/Info.plist;
				LD_RUNPATH_SEARCH_PATHS = (
					"$(inherited)",
					"@executable_path/Frameworks",
					"@loader_path/Frameworks",
				);
				PRODUCT_BUNDLE_IDENTIFIER = com.vidishanevatia.EmojiDictionaryUITests;
				PRODUCT_NAME = "$(TARGET_NAME)";
				SWIFT_VERSION = 5.0;
				TARGETED_DEVICE_FAMILY = "1,2";
				TEST_TARGET_NAME = EmojiDictionary;
			};
			name = Release;
		};
/* End XCBuildConfiguration section */

/* Begin XCConfigurationList section */
		F438F276248955F3004CFE97 /* Build configuration list for PBXProject "EmojiDictionary" */ = {
			isa = XCConfigurationList;
			buildConfigurations = (
				F438F2A3248955F4004CFE97 /* Debug */,
				F438F2A4248955F4004CFE97 /* Release */,
			);
			defaultConfigurationIsVisible = 0;
			defaultConfigurationName = Release;
		};
		F438F2A5248955F4004CFE97 /* Build configuration list for PBXNativeTarget "EmojiDictionary" */ = {
			isa = XCConfigurationList;
			buildConfigurations = (
				F438F2A6248955F4004CFE97 /* Debug */,
				F438F2A7248955F4004CFE97 /* Release */,
			);
			defaultConfigurationIsVisible = 0;
			defaultConfigurationName = Release;
		};
		F438F2A8248955F4004CFE97 /* Build configuration list for PBXNativeTarget "EmojiDictionaryTests" */ = {
			isa = XCConfigurationList;
			buildConfigurations = (
				F438F2A9248955F4004CFE97 /* Debug */,
				F438F2AA248955F4004CFE97 /* Release */,
			);
			defaultConfigurationIsVisible = 0;
			defaultConfigurationName = Release;
		};
		F438F2AB248955F4004CFE97 /* Build configuration list for PBXNativeTarget "EmojiDictionaryUITests" */ = {
			isa = XCConfigurationList;
			buildConfigurations = (
				F438F2AC248955F4004CFE97 /* Debug */,
				F438F2AD248955F4004CFE97 /* Release */,
			);
			defaultConfigurationIsVisible = 0;
			defaultConfigurationName = Release;
		};
/* End XCConfigurationList section */
	};
	rootObject = F438F273248955F3004CFE97 /* Project object */;
}
